// !$*UTF8*$!
{
	archiveVersion = 1;
	classes = {
	};
	objectVersion = 52;
	objects = {

/* Begin PBXBuildFile section */
		644E10832645F2CF00AE9D05 /* netflixcloneApp.swift in Sources */ = {isa = PBXBuildFile; fileRef = 644E10822645F2CF00AE9D05 /* netflixcloneApp.swift */; };
		644E10852645F2CF00AE9D05 /* ContentView.swift in Sources */ = {isa = PBXBuildFile; fileRef = 644E10842645F2CF00AE9D05 /* ContentView.swift */; };
		644E10872645F2D100AE9D05 /* Assets.xcassets in Resources */ = {isa = PBXBuildFile; fileRef = 644E10862645F2D100AE9D05 /* Assets.xcassets */; };
		644E108A2645F2D100AE9D05 /* Preview Assets.xcassets in Resources */ = {isa = PBXBuildFile; fileRef = 644E10892645F2D100AE9D05 /* Preview Assets.xcassets */; };
		644E10932645F57500AE9D05 /* HomeView.swift in Sources */ = {isa = PBXBuildFile; fileRef = 644E10922645F57500AE9D05 /* HomeView.swift */; };
		644E10992645F79700AE9D05 /* Kingfisher in Frameworks */ = {isa = PBXBuildFile; productRef = 644E10982645F79700AE9D05 /* Kingfisher */; };
		644E109C2646B38200AE9D05 /* Movie.swift in Sources */ = {isa = PBXBuildFile; fileRef = 644E109B2646B38200AE9D05 /* Movie.swift */; };
		644E10A02646B44100AE9D05 /* StandardHomeMovie.swift in Sources */ = {isa = PBXBuildFile; fileRef = 644E109F2646B44100AE9D05 /* StandardHomeMovie.swift */; };
		6487DA362646B59D003808CC /* GlobalHelpers.swift in Sources */ = {isa = PBXBuildFile; fileRef = 6487DA352646B59D003808CC /* GlobalHelpers.swift */; };
		6487DA3A2646B85B003808CC /* HomeViewModel.swift in Sources */ = {isa = PBXBuildFile; fileRef = 6487DA392646B85B003808CC /* HomeViewModel.swift */; };
/* End PBXBuildFile section */

/* Begin PBXFileReference section */
		644E107F2645F2CF00AE9D05 /* netflixclone.app */ = {isa = PBXFileReference; explicitFileType = wrapper.application; includeInIndex = 0; path = netflixclone.app; sourceTree = BUILT_PRODUCTS_DIR; };
		644E10822645F2CF00AE9D05 /* netflixcloneApp.swift */ = {isa = PBXFileReference; lastKnownFileType = sourcecode.swift; path = netflixcloneApp.swift; sourceTree = "<group>"; };
		644E10842645F2CF00AE9D05 /* ContentView.swift */ = {isa = PBXFileReference; lastKnownFileType = sourcecode.swift; path = ContentView.swift; sourceTree = "<group>"; };
		644E10862645F2D100AE9D05 /* Assets.xcassets */ = {isa = PBXFileReference; lastKnownFileType = folder.assetcatalog; path = Assets.xcassets; sourceTree = "<group>"; };
		644E10892645F2D100AE9D05 /* Preview Assets.xcassets */ = {isa = PBXFileReference; lastKnownFileType = folder.assetcatalog; path = "Preview Assets.xcassets"; sourceTree = "<group>"; };
		644E108B2645F2D100AE9D05 /* Info.plist */ = {isa = PBXFileReference; lastKnownFileType = text.plist.xml; path = Info.plist; sourceTree = "<group>"; };
		644E10922645F57500AE9D05 /* HomeView.swift */ = {isa = PBXFileReference; lastKnownFileType = sourcecode.swift; path = HomeView.swift; sourceTree = "<group>"; };
		644E109B2646B38200AE9D05 /* Movie.swift */ = {isa = PBXFileReference; lastKnownFileType = sourcecode.swift; path = Movie.swift; sourceTree = "<group>"; };
		644E109F2646B44100AE9D05 /* StandardHomeMovie.swift */ = {isa = PBXFileReference; lastKnownFileType = sourcecode.swift; path = StandardHomeMovie.swift; sourceTree = "<group>"; };
		6487DA352646B59D003808CC /* GlobalHelpers.swift */ = {isa = PBXFileReference; lastKnownFileType = sourcecode.swift; path = GlobalHelpers.swift; sourceTree = "<group>"; };
		6487DA392646B85B003808CC /* HomeViewModel.swift */ = {isa = PBXFileReference; lastKnownFileType = sourcecode.swift; path = HomeViewModel.swift; sourceTree = "<group>"; };
/* End PBXFileReference section */

/* Begin PBXFrameworksBuildPhase section */
		644E107C2645F2CF00AE9D05 /* Frameworks */ = {
			isa = PBXFrameworksBuildPhase;
			buildActionMask = 2147483647;
			files = (
				644E10992645F79700AE9D05 /* Kingfisher in Frameworks */,
			);
			runOnlyForDeploymentPostprocessing = 0;
		};
/* End PBXFrameworksBuildPhase section */

/* Begin PBXGroup section */
		644E10762645F2CF00AE9D05 = {
			isa = PBXGroup;
			children = (
				644E10812645F2CF00AE9D05 /* netflixclone */,
				644E10802645F2CF00AE9D05 /* Products */,
			);
			sourceTree = "<group>";
		};
		644E10802645F2CF00AE9D05 /* Products */ = {
			isa = PBXGroup;
			children = (
				644E107F2645F2CF00AE9D05 /* netflixclone.app */,
			);
			name = Products;
			sourceTree = "<group>";
		};
		644E10812645F2CF00AE9D05 /* netflixclone */ = {
			isa = PBXGroup;
			children = (
				6487DA342646B58B003808CC /* Helpers */,
				644E109E2646B38A00AE9D05 /* Model */,
				644E10952645F57B00AE9D05 /* View */,
				6487DA382646B840003808CC /* ViewModel */,
				644E10822645F2CF00AE9D05 /* netflixcloneApp.swift */,
				644E10842645F2CF00AE9D05 /* ContentView.swift */,
				644E10862645F2D100AE9D05 /* Assets.xcassets */,
				644E108B2645F2D100AE9D05 /* Info.plist */,
				644E10882645F2D100AE9D05 /* Preview Content */,
			);
			path = netflixclone;
			sourceTree = "<group>";
		};
		644E10882645F2D100AE9D05 /* Preview Content */ = {
			isa = PBXGroup;
			children = (
				644E10892645F2D100AE9D05 /* Preview Assets.xcassets */,
			);
			path = "Preview Content";
			sourceTree = "<group>";
		};
		644E10952645F57B00AE9D05 /* View */ = {
			isa = PBXGroup;
			children = (
				644E109F2646B44100AE9D05 /* StandardHomeMovie.swift */,
				644E10922645F57500AE9D05 /* HomeView.swift */,
			);
			path = View;
			sourceTree = "<group>";
		};
		644E109E2646B38A00AE9D05 /* Model */ = {
			isa = PBXGroup;
			children = (
				644E109B2646B38200AE9D05 /* Movie.swift */,
			);
			path = Model;
			sourceTree = "<group>";
		};
		6487DA342646B58B003808CC /* Helpers */ = {
			isa = PBXGroup;
			children = (
				6487DA352646B59D003808CC /* GlobalHelpers.swift */,
			);
			path = Helpers;
			sourceTree = "<group>";
		};
		6487DA382646B840003808CC /* ViewModel */ = {
			isa = PBXGroup;
			children = (
				6487DA392646B85B003808CC /* HomeViewModel.swift */,
			);
			path = ViewModel;
			sourceTree = "<group>";
		};
/* End PBXGroup section */

/* Begin PBXNativeTarget section */
		644E107E2645F2CF00AE9D05 /* netflixclone */ = {
			isa = PBXNativeTarget;
			buildConfigurationList = 644E108E2645F2D100AE9D05 /* Build configuration list for PBXNativeTarget "netflixclone" */;
			buildPhases = (
				644E107B2645F2CF00AE9D05 /* Sources */,
				644E107C2645F2CF00AE9D05 /* Frameworks */,
				644E107D2645F2CF00AE9D05 /* Resources */,
			);
			buildRules = (
			);
			dependencies = (
			);
			name = netflixclone;
			packageProductDependencies = (
				644E10982645F79700AE9D05 /* Kingfisher */,
			);
			productName = netflixclone;
			productReference = 644E107F2645F2CF00AE9D05 /* netflixclone.app */;
			productType = "com.apple.product-type.application";
		};
/* End PBXNativeTarget section */

/* Begin PBXProject section */
		644E10772645F2CF00AE9D05 /* Project object */ = {
			isa = PBXProject;
			attributes = {
				LastSwiftUpdateCheck = 1240;
				LastUpgradeCheck = 1240;
				TargetAttributes = {
					644E107E2645F2CF00AE9D05 = {
						CreatedOnToolsVersion = 12.4;
					};
				};
			};
			buildConfigurationList = 644E107A2645F2CF00AE9D05 /* Build configuration list for PBXProject "netflixclone" */;
			compatibilityVersion = "Xcode 9.3";
			developmentRegion = en;
			hasScannedForEncodings = 0;
			knownRegions = (
				en,
				Base,
			);
			mainGroup = 644E10762645F2CF00AE9D05;
			packageReferences = (
				644E10972645F79700AE9D05 /* XCRemoteSwiftPackageReference "Kingfisher" */,
			);
			productRefGroup = 644E10802645F2CF00AE9D05 /* Products */;
			projectDirPath = "";
			projectRoot = "";
			targets = (
				644E107E2645F2CF00AE9D05 /* netflixclone */,
			);
		};
/* End PBXProject section */

/* Begin PBXResourcesBuildPhase section */
		644E107D2645F2CF00AE9D05 /* Resources */ = {
			isa = PBXResourcesBuildPhase;
			buildActionMask = 2147483647;
			files = (
				644E108A2645F2D100AE9D05 /* Preview Assets.xcassets in Resources */,
				644E10872645F2D100AE9D05 /* Assets.xcassets in Resources */,
			);
			runOnlyForDeploymentPostprocessing = 0;
		};
/* End PBXResourcesBuildPhase section */

/* Begin PBXSourcesBuildPhase section */
		644E107B2645F2CF00AE9D05 /* Sources */ = {
			isa = PBXSourcesBuildPhase;
			buildActionMask = 2147483647;
			files = (
				6487DA362646B59D003808CC /* GlobalHelpers.swift in Sources */,
				644E10932645F57500AE9D05 /* HomeView.swift in Sources */,
				6487DA3A2646B85B003808CC /* HomeViewModel.swift in Sources */,
				644E10852645F2CF00AE9D05 /* ContentView.swift in Sources */,
				644E10A02646B44100AE9D05 /* StandardHomeMovie.swift in Sources */,
				644E109C2646B38200AE9D05 /* Movie.swift in Sources */,
				644E10832645F2CF00AE9D05 /* netflixcloneApp.swift in Sources */,
			);
			runOnlyForDeploymentPostprocessing = 0;
		};
/* End PBXSourcesBuildPhase section */

/* Begin XCBuildConfiguration section */
		644E108C2645F2D100AE9D05 /* Debug */ = {
			isa = XCBuildConfiguration;
			buildSettings = {
				ALWAYS_SEARCH_USER_PATHS = NO;
				CLANG_ANALYZER_NONNULL = YES;
				CLANG_ANALYZER_NUMBER_OBJECT_CONVERSION = YES_AGGRESSIVE;
				CLANG_CXX_LANGUAGE_STANDARD = "gnu++14";
				CLANG_CXX_LIBRARY = "libc++";
				CLANG_ENABLE_MODULES = YES;
				CLANG_ENABLE_OBJC_ARC = YES;
				CLANG_ENABLE_OBJC_WEAK = YES;
				CLANG_WARN_BLOCK_CAPTURE_AUTORELEASING = YES;
				CLANG_WARN_BOOL_CONVERSION = YES;
				CLANG_WARN_COMMA = YES;
				CLANG_WARN_CONSTANT_CONVERSION = YES;
				CLANG_WARN_DEPRECATED_OBJC_IMPLEMENTATIONS = YES;
				CLANG_WARN_DIRECT_OBJC_ISA_USAGE = YES_ERROR;
				CLANG_WARN_DOCUMENTATION_COMMENTS = YES;
				CLANG_WARN_EMPTY_BODY = YES;
				CLANG_WARN_ENUM_CONVERSION = YES;
				CLANG_WARN_INFINITE_RECURSION = YES;
				CLANG_WARN_INT_CONVERSION = YES;
				CLANG_WARN_NON_LITERAL_NULL_CONVERSION = YES;
				CLANG_WARN_OBJC_IMPLICIT_RETAIN_SELF = YES;
				CLANG_WARN_OBJC_LITERAL_CONVERSION = YES;
				CLANG_WARN_OBJC_ROOT_CLASS = YES_ERROR;
				CLANG_WARN_QUOTED_INCLUDE_IN_FRAMEWORK_HEADER = YES;
				CLANG_WARN_RANGE_LOOP_ANALYSIS = YES;
				CLANG_WARN_STRICT_PROTOTYPES = YES;
				CLANG_WARN_SUSPICIOUS_MOVE = YES;
				CLANG_WARN_UNGUARDED_AVAILABILITY = YES_AGGRESSIVE;
				CLANG_WARN_UNREACHABLE_CODE = YES;
				CLANG_WARN__DUPLICATE_METHOD_MATCH = YES;
				COPY_PHASE_STRIP = NO;
				DEBUG_INFORMATION_FORMAT = dwarf;
				ENABLE_STRICT_OBJC_MSGSEND = YES;
				ENABLE_TESTABILITY = YES;
				GCC_C_LANGUAGE_STANDARD = gnu11;
				GCC_DYNAMIC_NO_PIC = NO;
				GCC_NO_COMMON_BLOCKS = YES;
				GCC_OPTIMIZATION_LEVEL = 0;
				GCC_PREPROCESSOR_DEFINITIONS = (
					"DEBUG=1",
					"$(inherited)",
				);
				GCC_WARN_64_TO_32_BIT_CONVERSION = YES;
				GCC_WARN_ABOUT_RETURN_TYPE = YES_ERROR;
				GCC_WARN_UNDECLARED_SELECTOR = YES;
				GCC_WARN_UNINITIALIZED_AUTOS = YES_AGGRESSIVE;
				GCC_WARN_UNUSED_FUNCTION = YES;
				GCC_WARN_UNUSED_VARIABLE = YES;
				IPHONEOS_DEPLOYMENT_TARGET = 14.4;
				MTL_ENABLE_DEBUG_INFO = INCLUDE_SOURCE;
				MTL_FAST_MATH = YES;
				ONLY_ACTIVE_ARCH = YES;
				SDKROOT = iphoneos;
				SWIFT_ACTIVE_COMPILATION_CONDITIONS = DEBUG;
				SWIFT_OPTIMIZATION_LEVEL = "-Onone";
			};
			name = Debug;
		};
		644E108D2645F2D100AE9D05 /* Release */ = {
			isa = XCBuildConfiguration;
			buildSettings = {
				ALWAYS_SEARCH_USER_PATHS = NO;
				CLANG_ANALYZER_NONNULL = YES;
				CLANG_ANALYZER_NUMBER_OBJECT_CONVERSION = YES_AGGRESSIVE;
				CLANG_CXX_LANGUAGE_STANDARD = "gnu++14";
				CLANG_CXX_LIBRARY = "libc++";
				CLANG_ENABLE_MODULES = YES;
				CLANG_ENABLE_OBJC_ARC = YES;
				CLANG_ENABLE_OBJC_WEAK = YES;
				CLANG_WARN_BLOCK_CAPTURE_AUTORELEASING = YES;
				CLANG_WARN_BOOL_CONVERSION = YES;
				CLANG_WARN_COMMA = YES;
				CLANG_WARN_CONSTANT_CONVERSION = YES;
				CLANG_WARN_DEPRECATED_OBJC_IMPLEMENTATIONS = YES;
				CLANG_WARN_DIRECT_OBJC_ISA_USAGE = YES_ERROR;
				CLANG_WARN_DOCUMENTATION_COMMENTS = YES;
				CLANG_WARN_EMPTY_BODY = YES;
				CLANG_WARN_ENUM_CONVERSION = YES;
				CLANG_WARN_INFINITE_RECURSION = YES;
				CLANG_WARN_INT_CONVERSION = YES;
				CLANG_WARN_NON_LITERAL_NULL_CONVERSION = YES;
				CLANG_WARN_OBJC_IMPLICIT_RETAIN_SELF = YES;
				CLANG_WARN_OBJC_LITERAL_CONVERSION = YES;
				CLANG_WARN_OBJC_ROOT_CLASS = YES_ERROR;
				CLANG_WARN_QUOTED_INCLUDE_IN_FRAMEWORK_HEADER = YES;
				CLANG_WARN_RANGE_LOOP_ANALYSIS = YES;
				CLANG_WARN_STRICT_PROTOTYPES = YES;
				CLANG_WARN_SUSPICIOUS_MOVE = YES;
				CLANG_WARN_UNGUARDED_AVAILABILITY = YES_AGGRESSIVE;
				CLANG_WARN_UNREACHABLE_CODE = YES;
				CLANG_WARN__DUPLICATE_METHOD_MATCH = YES;
				COPY_PHASE_STRIP = NO;
				DEBUG_INFORMATION_FORMAT = "dwarf-with-dsym";
				ENABLE_NS_ASSERTIONS = NO;
				ENABLE_STRICT_OBJC_MSGSEND = YES;
				GCC_C_LANGUAGE_STANDARD = gnu11;
				GCC_NO_COMMON_BLOCKS = YES;
				GCC_WARN_64_TO_32_BIT_CONVERSION = YES;
				GCC_WARN_ABOUT_RETURN_TYPE = YES_ERROR;
				GCC_WARN_UNDECLARED_SELECTOR = YES;
				GCC_WARN_UNINITIALIZED_AUTOS = YES_AGGRESSIVE;
				GCC_WARN_UNUSED_FUNCTION = YES;
				GCC_WARN_UNUSED_VARIABLE = YES;
				IPHONEOS_DEPLOYMENT_TARGET = 14.4;
				MTL_ENABLE_DEBUG_INFO = NO;
				MTL_FAST_MATH = YES;
				SDKROOT = iphoneos;
				SWIFT_COMPILATION_MODE = wholemodule;
				SWIFT_OPTIMIZATION_LEVEL = "-O";
				VALIDATE_PRODUCT = YES;
			};
			name = Release;
		};
		644E108F2645F2D100AE9D05 /* Debug */ = {
			isa = XCBuildConfiguration;
			buildSettings = {
				ASSETCATALOG_COMPILER_APPICON_NAME = AppIcon;
				ASSETCATALOG_COMPILER_GLOBAL_ACCENT_COLOR_NAME = AccentColor;
				CODE_SIGN_STYLE = Automatic;
				DEVELOPMENT_ASSET_PATHS = "\"netflixclone/Preview Content\"";
				ENABLE_PREVIEWS = YES;
				INFOPLIST_FILE = netflixclone/Info.plist;
				IPHONEOS_DEPLOYMENT_TARGET = 14.0;
				LD_RUNPATH_SEARCH_PATHS = (
					"$(inherited)",
					"@executable_path/Frameworks",
				);
				PRODUCT_BUNDLE_IDENTIFIER = io.irisida.netflixclone;
				PRODUCT_NAME = "$(TARGET_NAME)";
				SWIFT_VERSION = 5.0;
				TARGETED_DEVICE_FAMILY = "1,2";
			};
			name = Debug;
		};
		644E10902645F2D100AE9D05 /* Release */ = {
			isa = XCBuildConfiguration;
			buildSettings = {
				ASSETCATALOG_COMPILER_APPICON_NAME = AppIcon;
				ASSETCATALOG_COMPILER_GLOBAL_ACCENT_COLOR_NAME = AccentColor;
				CODE_SIGN_STYLE = Automatic;
				DEVELOPMENT_ASSET_PATHS = "\"netflixclone/Preview Content\"";
				ENABLE_PREVIEWS = YES;
				INFOPLIST_FILE = netflixclone/Info.plist;
				IPHONEOS_DEPLOYMENT_TARGET = 14.0;
				LD_RUNPATH_SEARCH_PATHS = (
					"$(inherited)",
					"@executable_path/Frameworks",
				);
				PRODUCT_BUNDLE_IDENTIFIER = io.irisida.netflixclone;
				PRODUCT_NAME = "$(TARGET_NAME)";
				SWIFT_VERSION = 5.0;
				TARGETED_DEVICE_FAMILY = "1,2";
			};
			name = Release;
		};
/* End XCBuildConfiguration section */

/* Begin XCConfigurationList section */
		644E107A2645F2CF00AE9D05 /* Build configuration list for PBXProject "netflixclone" */ = {
			isa = XCConfigurationList;
			buildConfigurations = (
				644E108C2645F2D100AE9D05 /* Debug */,
				644E108D2645F2D100AE9D05 /* Release */,
			);
			defaultConfigurationIsVisible = 0;
			defaultConfigurationName = Release;
		};
		644E108E2645F2D100AE9D05 /* Build configuration list for PBXNativeTarget "netflixclone" */ = {
			isa = XCConfigurationList;
			buildConfigurations = (
				644E108F2645F2D100AE9D05 /* Debug */,
				644E10902645F2D100AE9D05 /* Release */,
			);
			defaultConfigurationIsVisible = 0;
			defaultConfigurationName = Release;
		};
/* End XCConfigurationList section */

/* Begin XCRemoteSwiftPackageReference section */
		644E10972645F79700AE9D05 /* XCRemoteSwiftPackageReference "Kingfisher" */ = {
			isa = XCRemoteSwiftPackageReference;
			repositoryURL = "https://github.com/onevcat/Kingfisher.git";
			requirement = {
				kind = upToNextMajorVersion;
				minimumVersion = 6.3.0;
			};
		};
/* End XCRemoteSwiftPackageReference section */

/* Begin XCSwiftPackageProductDependency section */
		644E10982645F79700AE9D05 /* Kingfisher */ = {
			isa = XCSwiftPackageProductDependency;
			package = 644E10972645F79700AE9D05 /* XCRemoteSwiftPackageReference "Kingfisher" */;
			productName = Kingfisher;
		};
/* End XCSwiftPackageProductDependency section */
	};
	rootObject = 644E10772645F2CF00AE9D05 /* Project object */;
}
